
Microsoft Visual Studio Solution File, Format Version 12.00
# Visual Studio Version 17
VisualStudioVersion = 17.3.32929.385
MinimumVisualStudioVersion = 10.0.40219.1
Project("{9A19103F-16F7-4668-BE54-9A1E7A4F7556}") = "AuthorizationsTest", "AuthorizationsTest.csproj", "{E0F126D7-999A-4101-A409-644B1FAE790C}"
EndProject
Global
	GlobalSection(SolutionConfigurationPlatforms) = preSolution
		Debug|Any CPU = Debug|Any CPU
		Release|Any CPU = Release|Any CPU
	EndGlobalSection
	GlobalSection(ProjectConfigurationPlatforms) = postSolution
		{E0F126D7-999A-4101-A409-644B1FAE790C}.Debug|Any CPU.ActiveCfg = Debug|Any CPU
		{E0F126D7-999A-4101-A409-644B1FAE790C}.Debug|Any CPU.Build.0 = Debug|Any CPU
		{E0F126D7-999A-4101-A409-644B1FAE790C}.Release|Any CPU.ActiveCfg = Release|Any CPU
		{E0F126D7-999A-4101-A409-644B1FAE790C}.Release|Any CPU.Build.0 = Release|Any CPU
	EndGlobalSection
	GlobalSection(SolutionProperties) = preSolution
		HideSolutionNode = FALSE
	EndGlobalSection
	GlobalSection(ExtensibilityGlobals) = postSolution
		SolutionGuid = {1FAF8F4B-A8B5-41EA-B9A0-BAC02C3F798B}
	EndGlobalSection
EndGlobal
